// !$*UTF8*$!
{
	archiveVersion = 1;
	classes = {
	};
	objectVersion = 50;
	objects = {

/* Begin PBXBuildFile section */
		C8AF23EE20ED9E3200B5CD0D /* AppDelegate.swift in Sources */ = {isa = PBXBuildFile; fileRef = C8AF23ED20ED9E3200B5CD0D /* AppDelegate.swift */; };
		C8AF23F020ED9E3200B5CD0D /* ViewController.swift in Sources */ = {isa = PBXBuildFile; fileRef = C8AF23EF20ED9E3200B5CD0D /* ViewController.swift */; };
		C8AF23F520ED9E3400B5CD0D /* Assets.xcassets in Resources */ = {isa = PBXBuildFile; fileRef = C8AF23F420ED9E3400B5CD0D /* Assets.xcassets */; };
		C8AF240720EDA08200B5CD0D /* DetailVC.swift in Sources */ = {isa = PBXBuildFile; fileRef = C8AF240020EDA08200B5CD0D /* DetailVC.swift */; };
		C8AF240820EDA08200B5CD0D /* Year2017TVC.swift in Sources */ = {isa = PBXBuildFile; fileRef = C8AF240120EDA08200B5CD0D /* Year2017TVC.swift */; };
		C8AF240920EDA08200B5CD0D /* PeekABooNav.swift in Sources */ = {isa = PBXBuildFile; fileRef = C8AF240220EDA08200B5CD0D /* PeekABooNav.swift */; };
		C8AF240A20EDA08200B5CD0D /* DaysTVC.swift in Sources */ = {isa = PBXBuildFile; fileRef = C8AF240320EDA08200B5CD0D /* DaysTVC.swift */; };
		C8AF240B20EDA08200B5CD0D /* Year2019TVC.swift in Sources */ = {isa = PBXBuildFile; fileRef = C8AF240420EDA08200B5CD0D /* Year2019TVC.swift */; };
		C8AF240C20EDA08200B5CD0D /* Year2018TVC.swift in Sources */ = {isa = PBXBuildFile; fileRef = C8AF240520EDA08200B5CD0D /* Year2018TVC.swift */; };
		C8AF240D20EDA08200B5CD0D /* MonthTVC.swift in Sources */ = {isa = PBXBuildFile; fileRef = C8AF240620EDA08200B5CD0D /* MonthTVC.swift */; };
		C8AF240F20EDA0D000B5CD0D /* LaunchScreen.storyboard in Resources */ = {isa = PBXBuildFile; fileRef = C8AF240E20EDA0D000B5CD0D /* LaunchScreen.storyboard */; };
		C8AF241120EDA0D900B5CD0D /* Main.storyboard in Resources */ = {isa = PBXBuildFile; fileRef = C8AF241020EDA0D900B5CD0D /* Main.storyboard */; };
		C8AF241820EDA10100B5CD0D /* Colors.swift in Sources */ = {isa = PBXBuildFile; fileRef = C8AF241320EDA10100B5CD0D /* Colors.swift */; };
		C8AF241A20EDA10100B5CD0D /* Months.swift in Sources */ = {isa = PBXBuildFile; fileRef = C8AF241520EDA10100B5CD0D /* Months.swift */; };
		C8AF241B20EDA10100B5CD0D /* ModalDetailVC.swift in Sources */ = {isa = PBXBuildFile; fileRef = C8AF241620EDA10100B5CD0D /* ModalDetailVC.swift */; };
		C8AF241D20EDA10900B5CD0D /* TabBarController.swift in Sources */ = {isa = PBXBuildFile; fileRef = C8AF241C20EDA10900B5CD0D /* TabBarController.swift */; };
/* End PBXBuildFile section */

/* Begin PBXFileReference section */
		C8AF23EA20ED9E3200B5CD0D /* PeekABooCalendar.app */ = {isa = PBXFileReference; explicitFileType = wrapper.application; includeInIndex = 0; path = PeekABooCalendar.app; sourceTree = BUILT_PRODUCTS_DIR; };
		C8AF23ED20ED9E3200B5CD0D /* AppDelegate.swift */ = {isa = PBXFileReference; lastKnownFileType = sourcecode.swift; path = AppDelegate.swift; sourceTree = "<group>"; };
		C8AF23EF20ED9E3200B5CD0D /* ViewController.swift */ = {isa = PBXFileReference; lastKnownFileType = sourcecode.swift; path = ViewController.swift; sourceTree = "<group>"; };
		C8AF23F420ED9E3400B5CD0D /* Assets.xcassets */ = {isa = PBXFileReference; lastKnownFileType = folder.assetcatalog; path = Assets.xcassets; sourceTree = "<group>"; };
		C8AF23F920ED9E3400B5CD0D /* Info.plist */ = {isa = PBXFileReference; lastKnownFileType = text.plist.xml; path = Info.plist; sourceTree = "<group>"; };
		C8AF240020EDA08200B5CD0D /* DetailVC.swift */ = {isa = PBXFileReference; fileEncoding = 4; lastKnownFileType = sourcecode.swift; path = DetailVC.swift; sourceTree = "<group>"; };
		C8AF240120EDA08200B5CD0D /* Year2017TVC.swift */ = {isa = PBXFileReference; fileEncoding = 4; lastKnownFileType = sourcecode.swift; path = Year2017TVC.swift; sourceTree = "<group>"; };
		C8AF240220EDA08200B5CD0D /* PeekABooNav.swift */ = {isa = PBXFileReference; fileEncoding = 4; lastKnownFileType = sourcecode.swift; path = PeekABooNav.swift; sourceTree = "<group>"; };
		C8AF240320EDA08200B5CD0D /* DaysTVC.swift */ = {isa = PBXFileReference; fileEncoding = 4; lastKnownFileType = sourcecode.swift; path = DaysTVC.swift; sourceTree = "<group>"; };
		C8AF240420EDA08200B5CD0D /* Year2019TVC.swift */ = {isa = PBXFileReference; fileEncoding = 4; lastKnownFileType = sourcecode.swift; path = Year2019TVC.swift; sourceTree = "<group>"; };
		C8AF240520EDA08200B5CD0D /* Year2018TVC.swift */ = {isa = PBXFileReference; fileEncoding = 4; lastKnownFileType = sourcecode.swift; path = Year2018TVC.swift; sourceTree = "<group>"; };
		C8AF240620EDA08200B5CD0D /* MonthTVC.swift */ = {isa = PBXFileReference; fileEncoding = 4; lastKnownFileType = sourcecode.swift; path = MonthTVC.swift; sourceTree = "<group>"; };
		C8AF240E20EDA0D000B5CD0D /* LaunchScreen.storyboard */ = {isa = PBXFileReference; fileEncoding = 4; lastKnownFileType = file.storyboard; path = LaunchScreen.storyboard; sourceTree = "<group>"; };
		C8AF241020EDA0D900B5CD0D /* Main.storyboard */ = {isa = PBXFileReference; fileEncoding = 4; lastKnownFileType = file.storyboard; path = Main.storyboard; sourceTree = "<group>"; };
		C8AF241320EDA10100B5CD0D /* Colors.swift */ = {isa = PBXFileReference; fileEncoding = 4; lastKnownFileType = sourcecode.swift; path = Colors.swift; sourceTree = "<group>"; };
		C8AF241520EDA10100B5CD0D /* Months.swift */ = {isa = PBXFileReference; fileEncoding = 4; lastKnownFileType = sourcecode.swift; path = Months.swift; sourceTree = "<group>"; };
		C8AF241620EDA10100B5CD0D /* ModalDetailVC.swift */ = {isa = PBXFileReference; fileEncoding = 4; lastKnownFileType = sourcecode.swift; path = ModalDetailVC.swift; sourceTree = "<group>"; };
		C8AF241C20EDA10900B5CD0D /* TabBarController.swift */ = {isa = PBXFileReference; fileEncoding = 4; lastKnownFileType = sourcecode.swift; path = TabBarController.swift; sourceTree = "<group>"; };
/* End PBXFileReference section */

/* Begin PBXFrameworksBuildPhase section */
		C8AF23E720ED9E3200B5CD0D /* Frameworks */ = {
			isa = PBXFrameworksBuildPhase;
			buildActionMask = 2147483647;
			files = (
			);
			runOnlyForDeploymentPostprocessing = 0;
		};
/* End PBXFrameworksBuildPhase section */

/* Begin PBXGroup section */
		C8AF23E120ED9E3200B5CD0D = {
			isa = PBXGroup;
			children = (
				C8AF23EC20ED9E3200B5CD0D /* PeekABooCalendar */,
				C8AF23EB20ED9E3200B5CD0D /* Products */,
			);
			sourceTree = "<group>";
		};
		C8AF23EB20ED9E3200B5CD0D /* Products */ = {
			isa = PBXGroup;
			children = (
				C8AF23EA20ED9E3200B5CD0D /* PeekABooCalendar.app */,
			);
			name = Products;
			sourceTree = "<group>";
		};
		C8AF23EC20ED9E3200B5CD0D /* PeekABooCalendar */ = {
			isa = PBXGroup;
			children = (
				C8AF23FF20EDA08200B5CD0D /* UI */,
				C8AF23ED20ED9E3200B5CD0D /* AppDelegate.swift */,
				C8AF23EF20ED9E3200B5CD0D /* ViewController.swift */,
				C8AF241320EDA10100B5CD0D /* Colors.swift */,
				C8AF241620EDA10100B5CD0D /* ModalDetailVC.swift */,
				C8AF241520EDA10100B5CD0D /* Months.swift */,
				C8AF241C20EDA10900B5CD0D /* TabBarController.swift */,
				C8AF23F420ED9E3400B5CD0D /* Assets.xcassets */,
				C8AF240E20EDA0D000B5CD0D /* LaunchScreen.storyboard */,
				C8AF23F920ED9E3400B5CD0D /* Info.plist */,
			);
			path = PeekABooCalendar;
			sourceTree = "<group>";
		};
		C8AF23FF20EDA08200B5CD0D /* UI */ = {
			isa = PBXGroup;
			children = (
				C8AF241020EDA0D900B5CD0D /* Main.storyboard */,
				C8AF240020EDA08200B5CD0D /* DetailVC.swift */,
				C8AF240120EDA08200B5CD0D /* Year2017TVC.swift */,
				C8AF240220EDA08200B5CD0D /* PeekABooNav.swift */,
				C8AF240320EDA08200B5CD0D /* DaysTVC.swift */,
				C8AF240420EDA08200B5CD0D /* Year2019TVC.swift */,
				C8AF240520EDA08200B5CD0D /* Year2018TVC.swift */,
				C8AF240620EDA08200B5CD0D /* MonthTVC.swift */,
			);
			path = UI;
			sourceTree = "<group>";
		};
/* End PBXGroup section */

/* Begin PBXNativeTarget section */
		C8AF23E920ED9E3200B5CD0D /* PeekABooCalendar */ = {
			isa = PBXNativeTarget;
			buildConfigurationList = C8AF23FC20ED9E3400B5CD0D /* Build configuration list for PBXNativeTarget "PeekABooCalendar" */;
			buildPhases = (
				C8AF23E620ED9E3200B5CD0D /* Sources */,
				C8AF23E720ED9E3200B5CD0D /* Frameworks */,
				C8AF23E820ED9E3200B5CD0D /* Resources */,
			);
			buildRules = (
			);
			dependencies = (
			);
			name = PeekABooCalendar;
			productName = PeekABooCalendar;
			productReference = C8AF23EA20ED9E3200B5CD0D /* PeekABooCalendar.app */;
			productType = "com.apple.product-type.application";
		};
/* End PBXNativeTarget section */

/* Begin PBXProject section */
		C8AF23E220ED9E3200B5CD0D /* Project object */ = {
			isa = PBXProject;
			attributes = {
				LastSwiftUpdateCheck = 1000;
				LastUpgradeCheck = 1000;
				ORGANIZATIONNAME = "Illuminated Bits LLC";
				TargetAttributes = {
					C8AF23E920ED9E3200B5CD0D = {
						CreatedOnToolsVersion = 10.0;
					};
				};
			};
			buildConfigurationList = C8AF23E520ED9E3200B5CD0D /* Build configuration list for PBXProject "PeekABooCalendar" */;
			compatibilityVersion = "Xcode 9.3";
			developmentRegion = en;
			hasScannedForEncodings = 0;
			knownRegions = (
				en,
				Base,
			);
			mainGroup = C8AF23E120ED9E3200B5CD0D;
			productRefGroup = C8AF23EB20ED9E3200B5CD0D /* Products */;
			projectDirPath = "";
			projectRoot = "";
			targets = (
				C8AF23E920ED9E3200B5CD0D /* PeekABooCalendar */,
			);
		};
/* End PBXProject section */

/* Begin PBXResourcesBuildPhase section */
		C8AF23E820ED9E3200B5CD0D /* Resources */ = {
			isa = PBXResourcesBuildPhase;
			buildActionMask = 2147483647;
			files = (
				C8AF241120EDA0D900B5CD0D /* Main.storyboard in Resources */,
				C8AF23F520ED9E3400B5CD0D /* Assets.xcassets in Resources */,
				C8AF240F20EDA0D000B5CD0D /* LaunchScreen.storyboard in Resources */,
			);
			runOnlyForDeploymentPostprocessing = 0;
		};
/* End PBXResourcesBuildPhase section */

/* Begin PBXSourcesBuildPhase section */
		C8AF23E620ED9E3200B5CD0D /* Sources */ = {
			isa = PBXSourcesBuildPhase;
			buildActionMask = 2147483647;
			files = (
				C8AF240820EDA08200B5CD0D /* Year2017TVC.swift in Sources */,
				C8AF241820EDA10100B5CD0D /* Colors.swift in Sources */,
				C8AF240920EDA08200B5CD0D /* PeekABooNav.swift in Sources */,
				C8AF241A20EDA10100B5CD0D /* Months.swift in Sources */,
				C8AF240D20EDA08200B5CD0D /* MonthTVC.swift in Sources */,
				C8AF23F020ED9E3200B5CD0D /* ViewController.swift in Sources */,
				C8AF23EE20ED9E3200B5CD0D /* AppDelegate.swift in Sources */,
				C8AF240B20EDA08200B5CD0D /* Year2019TVC.swift in Sources */,
				C8AF240C20EDA08200B5CD0D /* Year2018TVC.swift in Sources */,
				C8AF240A20EDA08200B5CD0D /* DaysTVC.swift in Sources */,
				C8AF241D20EDA10900B5CD0D /* TabBarController.swift in Sources */,
				C8AF241B20EDA10100B5CD0D /* ModalDetailVC.swift in Sources */,
				C8AF240720EDA08200B5CD0D /* DetailVC.swift in Sources */,
			);
			runOnlyForDeploymentPostprocessing = 0;
		};
/* End PBXSourcesBuildPhase section */

/* Begin XCBuildConfiguration section */
		C8AF23FA20ED9E3400B5CD0D /* Debug */ = {
			isa = XCBuildConfiguration;
			buildSettings = {
				ALWAYS_SEARCH_USER_PATHS = NO;
				CLANG_ANALYZER_NONNULL = YES;
				CLANG_ANALYZER_NUMBER_OBJECT_CONVERSION = YES_AGGRESSIVE;
				CLANG_CXX_LANGUAGE_STANDARD = "gnu++14";
				CLANG_CXX_LIBRARY = "libc++";
				CLANG_ENABLE_MODULES = YES;
				CLANG_ENABLE_OBJC_ARC = YES;
				CLANG_ENABLE_OBJC_WEAK = YES;
				CLANG_WARN_BLOCK_CAPTURE_AUTORELEASING = YES;
				CLANG_WARN_BOOL_CONVERSION = YES;
				CLANG_WARN_COMMA = YES;
				CLANG_WARN_CONSTANT_CONVERSION = YES;
				CLANG_WARN_DEPRECATED_OBJC_IMPLEMENTATIONS = YES;
				CLANG_WARN_DIRECT_OBJC_ISA_USAGE = YES_ERROR;
				CLANG_WARN_DOCUMENTATION_COMMENTS = YES;
				CLANG_WARN_EMPTY_BODY = YES;
				CLANG_WARN_ENUM_CONVERSION = YES;
				CLANG_WARN_INFINITE_RECURSION = YES;
				CLANG_WARN_INT_CONVERSION = YES;
				CLANG_WARN_NON_LITERAL_NULL_CONVERSION = YES;
				CLANG_WARN_OBJC_IMPLICIT_RETAIN_SELF = YES;
				CLANG_WARN_OBJC_LITERAL_CONVERSION = YES;
				CLANG_WARN_OBJC_ROOT_CLASS = YES_ERROR;
				CLANG_WARN_RANGE_LOOP_ANALYSIS = YES;
				CLANG_WARN_STRICT_PROTOTYPES = YES;
				CLANG_WARN_SUSPICIOUS_MOVE = YES;
				CLANG_WARN_UNGUARDED_AVAILABILITY = YES_AGGRESSIVE;
				CLANG_WARN_UNREACHABLE_CODE = YES;
				CLANG_WARN__DUPLICATE_METHOD_MATCH = YES;
				CODE_SIGN_IDENTITY = "iPhone Developer";
				COPY_PHASE_STRIP = NO;
				DEBUG_INFORMATION_FORMAT = dwarf;
				ENABLE_STRICT_OBJC_MSGSEND = YES;
				ENABLE_TESTABILITY = YES;
				GCC_C_LANGUAGE_STANDARD = gnu11;
				GCC_DYNAMIC_NO_PIC = NO;
				GCC_NO_COMMON_BLOCKS = YES;
				GCC_OPTIMIZATION_LEVEL = 0;
				GCC_PREPROCESSOR_DEFINITIONS = (
					"DEBUG=1",
					"$(inherited)",
				);
				GCC_WARN_64_TO_32_BIT_CONVERSION = YES;
				GCC_WARN_ABOUT_RETURN_TYPE = YES_ERROR;
				GCC_WARN_UNDECLARED_SELECTOR = YES;
				GCC_WARN_UNINITIALIZED_AUTOS = YES_AGGRESSIVE;
				GCC_WARN_UNUSED_FUNCTION = YES;
				GCC_WARN_UNUSED_VARIABLE = YES;
				IPHONEOS_DEPLOYMENT_TARGET = 12.0;
				MTL_ENABLE_DEBUG_INFO = INCLUDE_SOURCE;
				MTL_FAST_MATH = YES;
				ONLY_ACTIVE_ARCH = YES;
				SDKROOT = iphoneos;
				SWIFT_ACTIVE_COMPILATION_CONDITIONS = DEBUG;
				SWIFT_OPTIMIZATION_LEVEL = "-Onone";
			};
			name = Debug;
		};
		C8AF23FB20ED9E3400B5CD0D /* Release */ = {
			isa = XCBuildConfiguration;
			buildSettings = {
				ALWAYS_SEARCH_USER_PATHS = NO;
				CLANG_ANALYZER_NONNULL = YES;
				CLANG_ANALYZER_NUMBER_OBJECT_CONVERSION = YES_AGGRESSIVE;
				CLANG_CXX_LANGUAGE_STANDARD = "gnu++14";
				CLANG_CXX_LIBRARY = "libc++";
				CLANG_ENABLE_MODULES = YES;
				CLANG_ENABLE_OBJC_ARC = YES;
				CLANG_ENABLE_OBJC_WEAK = YES;
				CLANG_WARN_BLOCK_CAPTURE_AUTORELEASING = YES;
				CLANG_WARN_BOOL_CONVERSION = YES;
				CLANG_WARN_COMMA = YES;
				CLANG_WARN_CONSTANT_CONVERSION = YES;
				CLANG_WARN_DEPRECATED_OBJC_IMPLEMENTATIONS = YES;
				CLANG_WARN_DIRECT_OBJC_ISA_USAGE = YES_ERROR;
				CLANG_WARN_DOCUMENTATION_COMMENTS = YES;
				CLANG_WARN_EMPTY_BODY = YES;
				CLANG_WARN_ENUM_CONVERSION = YES;
				CLANG_WARN_INFINITE_RECURSION = YES;
				CLANG_WARN_INT_CONVERSION = YES;
				CLANG_WARN_NON_LITERAL_NULL_CONVERSION = YES;
				CLANG_WARN_OBJC_IMPLICIT_RETAIN_SELF = YES;
				CLANG_WARN_OBJC_LITERAL_CONVERSION = YES;
				CLANG_WARN_OBJC_ROOT_CLASS = YES_ERROR;
				CLANG_WARN_RANGE_LOOP_ANALYSIS = YES;
				CLANG_WARN_STRICT_PROTOTYPES = YES;
				CLANG_WARN_SUSPICIOUS_MOVE = YES;
				CLANG_WARN_UNGUARDED_AVAILABILITY = YES_AGGRESSIVE;
				CLANG_WARN_UNREACHABLE_CODE = YES;
				CLANG_WARN__DUPLICATE_METHOD_MATCH = YES;
				CODE_SIGN_IDENTITY = "iPhone Developer";
				COPY_PHASE_STRIP = NO;
				DEBUG_INFORMATION_FORMAT = "dwarf-with-dsym";
				ENABLE_NS_ASSERTIONS = NO;
				ENABLE_STRICT_OBJC_MSGSEND = YES;
				GCC_C_LANGUAGE_STANDARD = gnu11;
				GCC_NO_COMMON_BLOCKS = YES;
				GCC_WARN_64_TO_32_BIT_CONVERSION = YES;
				GCC_WARN_ABOUT_RETURN_TYPE = YES_ERROR;
				GCC_WARN_UNDECLARED_SELECTOR = YES;
				GCC_WARN_UNINITIALIZED_AUTOS = YES_AGGRESSIVE;
				GCC_WARN_UNUSED_FUNCTION = YES;
				GCC_WARN_UNUSED_VARIABLE = YES;
				IPHONEOS_DEPLOYMENT_TARGET = 12.0;
				MTL_ENABLE_DEBUG_INFO = NO;
				MTL_FAST_MATH = YES;
				SDKROOT = iphoneos;
				SWIFT_COMPILATION_MODE = wholemodule;
				SWIFT_OPTIMIZATION_LEVEL = "-O";
				VALIDATE_PRODUCT = YES;
			};
			name = Release;
		};
		C8AF23FD20ED9E3400B5CD0D /* Debug */ = {
			isa = XCBuildConfiguration;
			buildSettings = {
				ASSETCATALOG_COMPILER_APPICON_NAME = AppIcon;
				CODE_SIGN_STYLE = Automatic;
				DEVELOPMENT_TEAM = ATZFQJSAHX;
				INFOPLIST_FILE = PeekABooCalendar/Info.plist;
				LD_RUNPATH_SEARCH_PATHS = (
					"$(inherited)",
					"@executable_path/Frameworks",
				);
				PRODUCT_BUNDLE_IDENTIFIER = com.illuminatedbits.PeekABooCalendar;
				PRODUCT_NAME = "$(TARGET_NAME)";
				SWIFT_VERSION = 4.2;
				TARGETED_DEVICE_FAMILY = "1,2";
			};
			name = Debug;
		};
		C8AF23FE20ED9E3400B5CD0D /* Release */ = {
			isa = XCBuildConfiguration;
			buildSettings = {
				ASSETCATALOG_COMPILER_APPICON_NAME = AppIcon;
				CODE_SIGN_STYLE = Automatic;
				DEVELOPMENT_TEAM = ATZFQJSAHX;
				INFOPLIST_FILE = PeekABooCalendar/Info.plist;
				LD_RUNPATH_SEARCH_PATHS = (
					"$(inherited)",
					"@executable_path/Frameworks",
				);
				PRODUCT_BUNDLE_IDENTIFIER = com.illuminatedbits.PeekABooCalendar;
				PRODUCT_NAME = "$(TARGET_NAME)";
				SWIFT_VERSION = 4.2;
				TARGETED_DEVICE_FAMILY = "1,2";
			};
			name = Release;
		};
/* End XCBuildConfiguration section */

/* Begin XCConfigurationList section */
		C8AF23E520ED9E3200B5CD0D /* Build configuration list for PBXProject "PeekABooCalendar" */ = {
			isa = XCConfigurationList;
			buildConfigurations = (
				C8AF23FA20ED9E3400B5CD0D /* Debug */,
				C8AF23FB20ED9E3400B5CD0D /* Release */,
			);
			defaultConfigurationIsVisible = 0;
			defaultConfigurationName = Release;
		};
		C8AF23FC20ED9E3400B5CD0D /* Build configuration list for PBXNativeTarget "PeekABooCalendar" */ = {
			isa = XCConfigurationList;
			buildConfigurations = (
				C8AF23FD20ED9E3400B5CD0D /* Debug */,
				C8AF23FE20ED9E3400B5CD0D /* Release */,
			);
			defaultConfigurationIsVisible = 0;
			defaultConfigurationName = Release;
		};
/* End XCConfigurationList section */
	};
	rootObject = C8AF23E220ED9E3200B5CD0D /* Project object */;
}
